{
    "_meta": {
        "hash": {
            "sha256": "a1749db1308fd02df8aedc8dd23d25bd32299534c3a65a921c2ac3b78b1ea41f"
        },
        "pipfile-spec": 6,
        "requires": {
            "python_version": "3.6"
        },
        "sources": [
            {
                "name": "pypi",
                "url": "https://pypi.python.org/simple",
                "verify_ssl": true
            },
            {
                "url": "https://pypi.python.org/simple/",
                "verify_ssl": true
            }
        ]
    },
    "default": {
        "008b9b7": {
            "editable": true,
            "path": "/Users/work/Development/git/mp-viewer"
        }
    },
    "develop": {}
}
